
Microsoft Visual Studio Solution File, Format Version 11.00
# Visual Studio 2010
Project("{FAE04EC0-301F-11D3-BF4B-00C04F79EFBC}") = "SchneiderSocketServer", "SchneiderSocketServer\SchneiderSocketServer.csproj", "{E538FFD4-AE37-466A-9E92-6112BF348FAC}"
EndProject
Global
	GlobalSection(SolutionConfigurationPlatforms) = preSolution
		Debug|x86 = Debug|x86
		Release|x86 = Release|x86
	EndGlobalSection
	GlobalSection(ProjectConfigurationPlatforms) = postSolution
		{E538FFD4-AE37-466A-9E92-6112BF348FAC}.Debug|x86.ActiveCfg = Debug|x86
		{E538FFD4-AE37-466A-9E92-6112BF348FAC}.Debug|x86.Build.0 = Debug|x86
		{E538FFD4-AE37-466A-9E92-6112BF348FAC}.Release|x86.ActiveCfg = Release|x86
		{E538FFD4-AE37-466A-9E92-6112BF348FAC}.Release|x86.Build.0 = Release|x86
	EndGlobalSection
	GlobalSection(SolutionProperties) = preSolution
		HideSolutionNode = FALSE
	EndGlobalSection
EndGlobal
